
Microsoft Visual Studio Solution File, Format Version 12.00
# Visual Studio 15
VisualStudioVersion = 15.0.28307.329
MinimumVisualStudioVersion = 10.0.40219.1
Project("{FAE04EC0-301F-11D3-BF4B-00C04F79EFBC}") = "loopEXE", "loopEXE\loopEXE.csproj", "{035D70EE-1366-4DDC-899F-90C1B206D3BB}"
EndProject
Global
	GlobalSection(SolutionConfigurationPlatforms) = preSolution
		Debug|Any CPU = Debug|Any CPU
		Release|Any CPU = Release|Any CPU
	EndGlobalSection
	GlobalSection(ProjectConfigurationPlatforms) = postSolution
		{035D70EE-1366-4DDC-899F-90C1B206D3BB}.Debug|Any CPU.ActiveCfg = Debug|Any CPU
		{035D70EE-1366-4DDC-899F-90C1B206D3BB}.Debug|Any CPU.Build.0 = Debug|Any CPU
		{035D70EE-1366-4DDC-899F-90C1B206D3BB}.Release|Any CPU.ActiveCfg = Release|Any CPU
		{035D70EE-1366-4DDC-899F-90C1B206D3BB}.Release|Any CPU.Build.0 = Release|Any CPU
	EndGlobalSection
	GlobalSection(SolutionProperties) = preSolution
		HideSolutionNode = FALSE
	EndGlobalSection
	GlobalSection(ExtensibilityGlobals) = postSolution
		SolutionGuid = {E3BC3880-5752-405B-BEB9-96BC157C30EB}
	EndGlobalSection
EndGlobal
